
Microsoft Visual Studio Solution File, Format Version 12.00
# Visual Studio 15
VisualStudioVersion = 15.0.26730.16
MinimumVisualStudioVersion = 10.0.40219.1
Project("{8BC9CEB8-8B4A-11D0-8D11-00A0C91BC942}") = "Firebrick", "Firebrick\Firebrick.vcxproj", "{534BF1AB-6B95-42EB-B6A9-FFA304AD3AC9}"
EndProject
Global
	GlobalSection(SolutionConfigurationPlatforms) = preSolution
		Debug|x64 = Debug|x64
		Debug|x86 = Debug|x86
		Release|x64 = Release|x64
		Release|x86 = Release|x86
	EndGlobalSection
	GlobalSection(ProjectConfigurationPlatforms) = postSolution
		{534BF1AB-6B95-42EB-B6A9-FFA304AD3AC9}.Debug|x64.ActiveCfg = Debug|x64
		{534BF1AB-6B95-42EB-B6A9-FFA304AD3AC9}.Debug|x64.Build.0 = Debug|x64
		{534BF1AB-6B95-42EB-B6A9-FFA304AD3AC9}.Debug|x86.ActiveCfg = Debug|Win32
		{534BF1AB-6B95-42EB-B6A9-FFA304AD3AC9}.Debug|x86.Build.0 = Debug|Win32
		{534BF1AB-6B95-42EB-B6A9-FFA304AD3AC9}.Release|x64.ActiveCfg = Release|x64
		{534BF1AB-6B95-42EB-B6A9-FFA304AD3AC9}.Release|x64.Build.0 = Release|x64
		{534BF1AB-6B95-42EB-B6A9-FFA304AD3AC9}.Release|x86.ActiveCfg = Release|Win32
		{534BF1AB-6B95-42EB-B6A9-FFA304AD3AC9}.Release|x86.Build.0 = Release|Win32
	EndGlobalSection
	GlobalSection(SolutionProperties) = preSolution
		HideSolutionNode = FALSE
	EndGlobalSection
	GlobalSection(ExtensibilityGlobals) = postSolution
		SolutionGuid = {E2189E0B-FB20-487D-AB2E-24B46FA4CC66}
	EndGlobalSection
EndGlobal
